
Microsoft Visual Studio Solution File, Format Version 12.00
# Visual Studio Version 17
VisualStudioVersion = 17.5.2.0
MinimumVisualStudioVersion = 10.0.40219.1
Project("{2150E333-8FDC-42A3-9474-1A3956D46DE8}") = "Services", "Services", "{5854FF58-B8C5-05C6-5BF2-ACE42193F22B}"
EndProject
Project("{FAE04EC0-301F-11D3-BF4B-00C04F79EFBC}") = "ProductService", "Services\ProductService\ProductService.csproj", "{04565F01-F0DF-39FE-9876-502A5A6372DA}"
EndProject
Project("{FAE04EC0-301F-11D3-BF4B-00C04F79EFBC}") = "OrderService", "Services\OrderService\OrderService.csproj", "{CE12518D-BA95-4C65-9F01-EC4F51288CB1}"
EndProject
Global
	GlobalSection(SolutionConfigurationPlatforms) = preSolution
		Debug|Any CPU = Debug|Any CPU
		Debug|x64 = Debug|x64
		Debug|x86 = Debug|x86
		Release|Any CPU = Release|Any CPU
		Release|x64 = Release|x64
		Release|x86 = Release|x86
	EndGlobalSection
	GlobalSection(ProjectConfigurationPlatforms) = postSolution
		{04565F01-F0DF-39FE-9876-502A5A6372DA}.Debug|Any CPU.ActiveCfg = Debug|Any CPU
		{04565F01-F0DF-39FE-9876-502A5A6372DA}.Debug|Any CPU.Build.0 = Debug|Any CPU
		{04565F01-F0DF-39FE-9876-502A5A6372DA}.Debug|x64.ActiveCfg = Debug|Any CPU
		{04565F01-F0DF-39FE-9876-502A5A6372DA}.Debug|x64.Build.0 = Debug|Any CPU
		{04565F01-F0DF-39FE-9876-502A5A6372DA}.Debug|x86.ActiveCfg = Debug|Any CPU
		{04565F01-F0DF-39FE-9876-502A5A6372DA}.Debug|x86.Build.0 = Debug|Any CPU
		{04565F01-F0DF-39FE-9876-502A5A6372DA}.Release|Any CPU.ActiveCfg = Release|Any CPU
		{04565F01-F0DF-39FE-9876-502A5A6372DA}.Release|Any CPU.Build.0 = Release|Any CPU
		{04565F01-F0DF-39FE-9876-502A5A6372DA}.Release|x64.ActiveCfg = Release|Any CPU
		{04565F01-F0DF-39FE-9876-502A5A6372DA}.Release|x64.Build.0 = Release|Any CPU
		{04565F01-F0DF-39FE-9876-502A5A6372DA}.Release|x86.ActiveCfg = Release|Any CPU
		{04565F01-F0DF-39FE-9876-502A5A6372DA}.Release|x86.Build.0 = Release|Any CPU
		{CE12518D-BA95-4C65-9F01-EC4F51288CB1}.Debug|Any CPU.ActiveCfg = Debug|Any CPU
		{CE12518D-BA95-4C65-9F01-EC4F51288CB1}.Debug|Any CPU.Build.0 = Debug|Any CPU
		{CE12518D-BA95-4C65-9F01-EC4F51288CB1}.Debug|x64.ActiveCfg = Debug|Any CPU
		{CE12518D-BA95-4C65-9F01-EC4F51288CB1}.Debug|x64.Build.0 = Debug|Any CPU
		{CE12518D-BA95-4C65-9F01-EC4F51288CB1}.Debug|x86.ActiveCfg = Debug|Any CPU
		{CE12518D-BA95-4C65-9F01-EC4F51288CB1}.Debug|x86.Build.0 = Debug|Any CPU
		{CE12518D-BA95-4C65-9F01-EC4F51288CB1}.Release|Any CPU.ActiveCfg = Release|Any CPU
		{CE12518D-BA95-4C65-9F01-EC4F51288CB1}.Release|Any CPU.Build.0 = Release|Any CPU
		{CE12518D-BA95-4C65-9F01-EC4F51288CB1}.Release|x64.ActiveCfg = Release|Any CPU
		{CE12518D-BA95-4C65-9F01-EC4F51288CB1}.Release|x64.Build.0 = Release|Any CPU
		{CE12518D-BA95-4C65-9F01-EC4F51288CB1}.Release|x86.ActiveCfg = Release|Any CPU
		{CE12518D-BA95-4C65-9F01-EC4F51288CB1}.Release|x86.Build.0 = Release|Any CPU
	EndGlobalSection
	GlobalSection(SolutionProperties) = preSolution
		HideSolutionNode = FALSE
	EndGlobalSection
	GlobalSection(NestedProjects) = preSolution
		{04565F01-F0DF-39FE-9876-502A5A6372DA} = {5854FF58-B8C5-05C6-5BF2-ACE42193F22B}
		{CE12518D-BA95-4C65-9F01-EC4F51288CB1} = {5854FF58-B8C5-05C6-5BF2-ACE42193F22B}
	EndGlobalSection
	GlobalSection(ExtensibilityGlobals) = postSolution
		SolutionGuid = {E130F769-858A-4A1C-8353-EFC65F4EF921}
	EndGlobalSection
EndGlobal
